
Microsoft Visual Studio Solution File, Format Version 12.00
# Visual Studio 15
VisualStudioVersion = 15.0.27703.2047
MinimumVisualStudioVersion = 10.0.40219.1
Project("{FAE04EC0-301F-11D3-BF4B-00C04F79EFBC}") = "Entidades", "Entidades\Entidades.csproj", "{46DC61B6-A7B3-4BA0-9CEA-8833C1AF8DAC}"
EndProject
Global
	GlobalSection(SolutionConfigurationPlatforms) = preSolution
		Debug|Any CPU = Debug|Any CPU
		Release|Any CPU = Release|Any CPU
	EndGlobalSection
	GlobalSection(ProjectConfigurationPlatforms) = postSolution
		{46DC61B6-A7B3-4BA0-9CEA-8833C1AF8DAC}.Debug|Any CPU.ActiveCfg = Debug|Any CPU
		{46DC61B6-A7B3-4BA0-9CEA-8833C1AF8DAC}.Debug|Any CPU.Build.0 = Debug|Any CPU
		{46DC61B6-A7B3-4BA0-9CEA-8833C1AF8DAC}.Release|Any CPU.ActiveCfg = Release|Any CPU
		{46DC61B6-A7B3-4BA0-9CEA-8833C1AF8DAC}.Release|Any CPU.Build.0 = Release|Any CPU
	EndGlobalSection
	GlobalSection(SolutionProperties) = preSolution
		HideSolutionNode = FALSE
	EndGlobalSection
	GlobalSection(ExtensibilityGlobals) = postSolution
		SolutionGuid = {21D6C305-FA42-4344-96F4-4691D1850886}
	EndGlobalSection
EndGlobal
