
Microsoft Visual Studio Solution File, Format Version 12.00
# Visual Studio 15
VisualStudioVersion = 15.0.27703.2047
MinimumVisualStudioVersion = 10.0.40219.1
Project("{FAE04EC0-301F-11D3-BF4B-00C04F79EFBC}") = "ClasesAbstractas", "ClasesAbstractas\ClasesAbstractas.csproj", "{6805F49C-0130-4978-B9FB-1DFAF014F7EF}"
EndProject
Project("{FAE04EC0-301F-11D3-BF4B-00C04F79EFBC}") = "ClasesInstanciables", "ClasesInstanciables\ClasesInstanciables.csproj", "{4D3A166D-4609-4967-B544-88D23234EB57}"
EndProject
Project("{FAE04EC0-301F-11D3-BF4B-00C04F79EFBC}") = "Excepciones", "Excepciones\Excepciones.csproj", "{AA3980B8-A7CD-417E-9004-F69ED4B59BEF}"
EndProject
Project("{FAE04EC0-301F-11D3-BF4B-00C04F79EFBC}") = "Archivos", "Archivos\Archivos.csproj", "{895FA1D1-B4E9-424C-9A13-42BCC24411BB}"
EndProject
Global
	GlobalSection(SolutionConfigurationPlatforms) = preSolution
		Debug|Any CPU = Debug|Any CPU
		Release|Any CPU = Release|Any CPU
	EndGlobalSection
	GlobalSection(ProjectConfigurationPlatforms) = postSolution
		{6805F49C-0130-4978-B9FB-1DFAF014F7EF}.Debug|Any CPU.ActiveCfg = Debug|Any CPU
		{6805F49C-0130-4978-B9FB-1DFAF014F7EF}.Debug|Any CPU.Build.0 = Debug|Any CPU
		{6805F49C-0130-4978-B9FB-1DFAF014F7EF}.Release|Any CPU.ActiveCfg = Release|Any CPU
		{6805F49C-0130-4978-B9FB-1DFAF014F7EF}.Release|Any CPU.Build.0 = Release|Any CPU
		{4D3A166D-4609-4967-B544-88D23234EB57}.Debug|Any CPU.ActiveCfg = Debug|Any CPU
		{4D3A166D-4609-4967-B544-88D23234EB57}.Debug|Any CPU.Build.0 = Debug|Any CPU
		{4D3A166D-4609-4967-B544-88D23234EB57}.Release|Any CPU.ActiveCfg = Release|Any CPU
		{4D3A166D-4609-4967-B544-88D23234EB57}.Release|Any CPU.Build.0 = Release|Any CPU
		{AA3980B8-A7CD-417E-9004-F69ED4B59BEF}.Debug|Any CPU.ActiveCfg = Debug|Any CPU
		{AA3980B8-A7CD-417E-9004-F69ED4B59BEF}.Debug|Any CPU.Build.0 = Debug|Any CPU
		{AA3980B8-A7CD-417E-9004-F69ED4B59BEF}.Release|Any CPU.ActiveCfg = Release|Any CPU
		{AA3980B8-A7CD-417E-9004-F69ED4B59BEF}.Release|Any CPU.Build.0 = Release|Any CPU
		{895FA1D1-B4E9-424C-9A13-42BCC24411BB}.Debug|Any CPU.ActiveCfg = Debug|Any CPU
		{895FA1D1-B4E9-424C-9A13-42BCC24411BB}.Debug|Any CPU.Build.0 = Debug|Any CPU
		{895FA1D1-B4E9-424C-9A13-42BCC24411BB}.Release|Any CPU.ActiveCfg = Release|Any CPU
		{895FA1D1-B4E9-424C-9A13-42BCC24411BB}.Release|Any CPU.Build.0 = Release|Any CPU
	EndGlobalSection
	GlobalSection(SolutionProperties) = preSolution
		HideSolutionNode = FALSE
	EndGlobalSection
	GlobalSection(ExtensibilityGlobals) = postSolution
		SolutionGuid = {1FB82DD3-EEA6-4400-9F14-7FF03B7A6FA1}
	EndGlobalSection
EndGlobal
